
Microsoft Visual Studio Solution File, Format Version 12.00
# Visual Studio Version 17
VisualStudioVersion = 17.3.32825.248
MinimumVisualStudioVersion = 10.0.40219.1
Project("{9A19103F-16F7-4668-BE54-9A1E7A4F7556}") = "AM.UI.Console", "AM.UI.Console\AM.UI.Console.csproj", "{7549069A-4254-4CE5-B625-319A9403F59D}"
EndProject
Project("{9A19103F-16F7-4668-BE54-9A1E7A4F7556}") = "AM.ApplicationCore", "AM.ApplicationCore\AM.ApplicationCore.csproj", "{C62B818D-8A27-4490-A3FF-FD8F4ADC29B5}"
EndProject
Project("{9A19103F-16F7-4668-BE54-9A1E7A4F7556}") = "AM.Infrastructure", "AM.Infrastructure\AM.Infrastructure.csproj", "{1D7E80E2-3AE4-4B1E-956E-5A058D1C86D7}"
EndProject
Project("{FAE04EC0-301F-11D3-BF4B-00C04F79EFBC}") = "AM.UI.Web", "AM.UI.Web\AM.UI.Web.csproj", "{520EBC7C-5B3D-4891-B702-11E0A66F5198}"
EndProject
Global
	GlobalSection(SolutionConfigurationPlatforms) = preSolution
		Debug|Any CPU = Debug|Any CPU
		Release|Any CPU = Release|Any CPU
	EndGlobalSection
	GlobalSection(ProjectConfigurationPlatforms) = postSolution
		{7549069A-4254-4CE5-B625-319A9403F59D}.Debug|Any CPU.ActiveCfg = Debug|Any CPU
		{7549069A-4254-4CE5-B625-319A9403F59D}.Debug|Any CPU.Build.0 = Debug|Any CPU
		{7549069A-4254-4CE5-B625-319A9403F59D}.Release|Any CPU.ActiveCfg = Release|Any CPU
		{7549069A-4254-4CE5-B625-319A9403F59D}.Release|Any CPU.Build.0 = Release|Any CPU
		{C62B818D-8A27-4490-A3FF-FD8F4ADC29B5}.Debug|Any CPU.ActiveCfg = Debug|Any CPU
		{C62B818D-8A27-4490-A3FF-FD8F4ADC29B5}.Debug|Any CPU.Build.0 = Debug|Any CPU
		{C62B818D-8A27-4490-A3FF-FD8F4ADC29B5}.Release|Any CPU.ActiveCfg = Release|Any CPU
		{C62B818D-8A27-4490-A3FF-FD8F4ADC29B5}.Release|Any CPU.Build.0 = Release|Any CPU
		{1D7E80E2-3AE4-4B1E-956E-5A058D1C86D7}.Debug|Any CPU.ActiveCfg = Debug|Any CPU
		{1D7E80E2-3AE4-4B1E-956E-5A058D1C86D7}.Debug|Any CPU.Build.0 = Debug|Any CPU
		{1D7E80E2-3AE4-4B1E-956E-5A058D1C86D7}.Release|Any CPU.ActiveCfg = Release|Any CPU
		{1D7E80E2-3AE4-4B1E-956E-5A058D1C86D7}.Release|Any CPU.Build.0 = Release|Any CPU
		{520EBC7C-5B3D-4891-B702-11E0A66F5198}.Debug|Any CPU.ActiveCfg = Debug|Any CPU
		{520EBC7C-5B3D-4891-B702-11E0A66F5198}.Debug|Any CPU.Build.0 = Debug|Any CPU
		{520EBC7C-5B3D-4891-B702-11E0A66F5198}.Release|Any CPU.ActiveCfg = Release|Any CPU
		{520EBC7C-5B3D-4891-B702-11E0A66F5198}.Release|Any CPU.Build.0 = Release|Any CPU
	EndGlobalSection
	GlobalSection(SolutionProperties) = preSolution
		HideSolutionNode = FALSE
	EndGlobalSection
	GlobalSection(ExtensibilityGlobals) = postSolution
		SolutionGuid = {68A73CA8-F94F-42DB-A5C6-10DD2A67422E}
	EndGlobalSection
EndGlobal
